<?xml version="1.0" encoding="UTF-8" standalone="yes" ?>
<CodeBlocks_project_file>
	<FileVersion major="1" minor="6" />
	<Project>
		<Option title="ProjectConceptor" />
		<Option pch_mode="2" />
		<Option compiler="gcc" />
		<Build>
			<Target title="Debug">
				<Option output="bin/Debug/ProjectConceptor" prefix_auto="1" extension_auto="1" />
				<Option object_output="obj/Debug/" />
				<Option type="0" />
				<Option compiler="gcc" />
				<Compiler>
					<Add option="-g" />
				</Compiler>
			</Target>
			<Target title="Release">
				<Option output="bin/Release/ProjectConceptor" prefix_auto="1" extension_auto="1" />
				<Option object_output="obj/Release/" />
				<Option type="1" />
				<Option compiler="gcc" />
				<Compiler>
					<Add option="-O2" />
				</Compiler>
				<Linker>
					<Add option="-s" />
				</Linker>
			</Target>
		</Build>
		<Compiler>
			<Add option="-Wall" />
		</Compiler>
		<Unit filename="AboutWindow.cpp">
			<Option target="Debug" />
		</Unit>
		<Unit filename="AboutWindow.h">
			<Option target="Debug" />
		</Unit>
		<Unit filename="Commands/PCommand.cpp">
			<Option target="Debug" />
		</Unit>
		<Unit filename="Commands/PCommand.h">
			<Option target="Debug" />
		</Unit>
		<Unit filename="Commands/PCommandManager.cpp">
			<Option target="Debug" />
		</Unit>
		<Unit filename="Commands/PCommandManager.h">
			<Option target="Debug" />
		</Unit>
		<Unit filename="Config/BoolItem.cpp">
			<Option target="Debug" />
		</Unit>
		<Unit filename="Config/BoolItem.h">
			<Option target="Debug" />
		</Unit>
		<Unit filename="Config/ColorItem.cpp">
			<Option target="Debug" />
		</Unit>
		<Unit filename="Config/ColorItem.h">
			<Option target="Debug" />
		</Unit>
		<Unit filename="Config/ConfigItem.h">
			<Option target="Debug" />
		</Unit>
		<Unit filename="Config/ConfigView.cpp">
			<Option target="Debug" />
		</Unit>
		<Unit filename="Config/ConfigView.h">
			<Option target="Debug" />
		</Unit>
		<Unit filename="Config/ConfigWindow.cpp">
			<Option target="Debug" />
		</Unit>
		<Unit filename="Config/ConfigWindow.h">
			<Option target="Debug" />
		</Unit>
		<Unit filename="Config/FloatItem.cpp">
			<Option target="Debug" />
		</Unit>
		<Unit filename="Config/FloatItem.h">
			<Option target="Debug" />
		</Unit>
		<Unit filename="Config/FontItem.cpp">
			<Option target="Debug" />
		</Unit>
		<Unit filename="Config/FontItem.h">
			<Option target="Debug" />
		</Unit>
		<Unit filename="Config/PatternItem.cpp">
			<Option target="Debug" />
		</Unit>
		<Unit filename="Config/PatternItem.h">
			<Option target="Debug" />
		</Unit>
		<Unit filename="Config/RectItem.cpp">
			<Option target="Debug" />
		</Unit>
		<Unit filename="Config/RectItem.h">
			<Option target="Debug" />
		</Unit>
		<Unit filename="Config/StringItem.cpp">
			<Option target="Debug" />
		</Unit>
		<Unit filename="Config/StringItem.h">
			<Option target="Debug" />
		</Unit>
		<Unit filename="Document/HelpManager.cpp">
			<Option target="Debug" />
		</Unit>
		<Unit filename="Document/HelpManager.h">
			<Option target="Debug" />
		</Unit>
		<Unit filename="Document/ObjectHelp.h">
			<Option target="Debug" />
		</Unit>
		<Unit filename="Document/PDocument.cpp">
			<Option target="Debug" />
		</Unit>
		<Unit filename="Document/PDocument.h">
			<Option target="Debug" />
		</Unit>
		<Unit filename="Document/PDocumentManager.cpp">
			<Option target="Debug" />
		</Unit>
		<Unit filename="Document/PDocumentManager.h">
			<Option target="Debug" />
		</Unit>
		<Unit filename="Document/PEditor.cpp">
			<Option target="Debug" />
		</Unit>
		<Unit filename="Document/PEditor.h">
			<Option target="Debug" />
		</Unit>
		<Unit filename="Document/PEditorManager.cpp">
			<Option target="Debug" />
		</Unit>
		<Unit filename="Document/PEditorManager.h">
			<Option target="Debug" />
		</Unit>
		<Unit filename="Document/WindowManager.cpp">
			<Option target="Debug" />
		</Unit>
		<Unit filename="Document/WindowManager.h">
			<Option target="Debug" />
		</Unit>
		<Unit filename="MainView.cpp">
			<Option target="Debug" />
		</Unit>
		<Unit filename="MainView.h">
			<Option target="Debug" />
		</Unit>
		<Unit filename="PMenuAccess.h">
			<Option target="Debug" />
		</Unit>
		<Unit filename="PWindow.cpp">
			<Option target="Debug" />
		</Unit>
		<Unit filename="PWindow.h">
			<Option target="Debug" />
		</Unit>
		<Unit filename="Plugins/BasePlugin.cpp">
			<Option target="Debug" />
		</Unit>
		<Unit filename="Plugins/BasePlugin.h">
			<Option target="Debug" />
		</Unit>
		<Unit filename="Plugins/PluginManager.cpp">
			<Option target="Debug" />
		</Unit>
		<Unit filename="Plugins/PluginManager.h">
			<Option target="Debug" />
		</Unit>
		<Unit filename="ProjectConceptor.cpp">
			<Option target="Debug" />
		</Unit>
		<Unit filename="ProjectConceptor.h">
			<Option target="Debug" />
		</Unit>
		<Unit filename="ProjectConceptorDefs.h">
			<Option target="Debug" />
		</Unit>
		<Unit filename="ShortCutFilter.cpp">
			<Option target="Debug" />
		</Unit>
		<Unit filename="ShortCutFilter.h">
			<Option target="Debug" />
		</Unit>
		<Unit filename="ToolBar/BaseItem.cpp">
			<Option target="Debug" />
		</Unit>
		<Unit filename="ToolBar/BaseItem.h">
			<Option target="Debug" />
		</Unit>
		<Unit filename="ToolBar/ColorToolItem.cpp">
			<Option target="Debug" />
		</Unit>
		<Unit filename="ToolBar/ColorToolItem.h">
			<Option target="Debug" />
		</Unit>
		<Unit filename="ToolBar/FloatToolItem.cpp">
			<Option target="Debug" />
		</Unit>
		<Unit filename="ToolBar/FloatToolItem.h">
			<Option target="Debug" />
		</Unit>
		<Unit filename="ToolBar/Mover.cpp">
			<Option target="Debug" />
		</Unit>
		<Unit filename="ToolBar/Mover.h">
			<Option target="Debug" />
		</Unit>
		<Unit filename="ToolBar/PatternToolItem.cpp">
			<Option target="Debug" />
		</Unit>
		<Unit filename="ToolBar/PatternToolItem.h">
			<Option target="Debug" />
		</Unit>
		<Unit filename="ToolBar/ToolBar.cpp">
			<Option target="Debug" />
		</Unit>
		<Unit filename="ToolBar/ToolBar.h">
			<Option target="Debug" />
		</Unit>
		<Unit filename="ToolBar/ToolBarSeperator.cpp">
			<Option target="Debug" />
		</Unit>
		<Unit filename="ToolBar/ToolBarSeperator.h">
			<Option target="Debug" />
		</Unit>
		<Unit filename="ToolBar/ToolItem.cpp">
			<Option target="Debug" />
		</Unit>
		<Unit filename="ToolBar/ToolItem.h">
			<Option target="Debug" />
		</Unit>
		<Unit filename="ToolBar/ToolMenu.cpp">
			<Option target="Debug" />
		</Unit>
		<Unit filename="ToolBar/ToolMenu.h">
			<Option target="Debug" />
		</Unit>
		<Unit filename="Tools/Indexer.cpp">
			<Option target="Debug" />
		</Unit>
		<Unit filename="Tools/Indexer.h">
			<Option target="Debug" />
		</Unit>
		<Unit filename="Tools/InputRequest.cpp">
			<Option target="Debug" />
		</Unit>
		<Unit filename="Tools/InputRequest.h">
			<Option target="Debug" />
		</Unit>
		<Unit filename="Tools/InputRequestView.cpp">
			<Option target="Debug" />
		</Unit>
		<Unit filename="Tools/InputRequestView.h">
			<Option target="Debug" />
		</Unit>
		<Unit filename="Tools/PCSavePanel.cpp">
			<Option target="Debug" />
		</Unit>
		<Unit filename="Tools/PCSavePanel.h">
			<Option target="Debug" />
		</Unit>
		<Unit filename="Tools/PDocLoader.cpp">
			<Option target="Debug" />
		</Unit>
		<Unit filename="Tools/PDocLoader.h">
			<Option target="Debug" />
		</Unit>
		<Unit filename="Tools/ScreenInfo.cpp">
			<Option target="Debug" />
		</Unit>
		<Unit filename="Tools/ScreenInfo.h">
			<Option target="Debug" />
		</Unit>
		<Extensions>
			<code_completion />
			<envvars />
			<debugger />
		</Extensions>
	</Project>
</CodeBlocks_project_file>
